
Microsoft Visual Studio Solution File, Format Version 12.00
# Visual Studio Version 17
VisualStudioVersion = 17.13.35825.156 d17.13
MinimumVisualStudioVersion = 10.0.40219.1
Project("{FAE04EC0-301F-11D3-BF4B-00C04F79EFBC}") = "PerfectPlanner", "PerfectPlanner\PerfectPlanner.csproj", "{A2D62991-3D26-43E0-A800-0DCF3E60889B}"
EndProject
Global
	GlobalSection(SolutionConfigurationPlatforms) = preSolution
		Debug|Any CPU = Debug|Any CPU
		Release|Any CPU = Release|Any CPU
	EndGlobalSection
	GlobalSection(ProjectConfigurationPlatforms) = postSolution
		{A2D62991-3D26-43E0-A800-0DCF3E60889B}.Debug|Any CPU.ActiveCfg = Debug|Any CPU
		{A2D62991-3D26-43E0-A800-0DCF3E60889B}.Debug|Any CPU.Build.0 = Debug|Any CPU
		{A2D62991-3D26-43E0-A800-0DCF3E60889B}.Release|Any CPU.ActiveCfg = Release|Any CPU
		{A2D62991-3D26-43E0-A800-0DCF3E60889B}.Release|Any CPU.Build.0 = Release|Any CPU
	EndGlobalSection
	GlobalSection(SolutionProperties) = preSolution
		HideSolutionNode = FALSE
	EndGlobalSection
	GlobalSection(ExtensibilityGlobals) = postSolution
		SolutionGuid = {44E1823F-6F80-41F9-9DFE-FF63C7948D2A}
	EndGlobalSection
EndGlobal
